
Microsoft Visual Studio Solution File, Format Version 12.00
# Visual Studio Version 16
VisualStudioVersion = 16.0.30225.117
MinimumVisualStudioVersion = 10.0.40219.1
Project("{9A19103F-16F7-4668-BE54-9A1E7A4F7556}") = "Collections", "Collections\Collections.csproj", "{2D292DA0-EAC6-4E28-9C51-A451A1ECA800}"
EndProject
Project("{9A19103F-16F7-4668-BE54-9A1E7A4F7556}") = "Product-ListArray", "Product-ListArray\Product-ListArray.csproj", "{C1BCD855-52AE-41AC-A0D1-56582B7F8132}"
EndProject
Project("{9A19103F-16F7-4668-BE54-9A1E7A4F7556}") = "StudentManagement-LinkedList", "StudentManagement-LinkedList\StudentManagement-LinkedList.csproj", "{6253BE03-6A45-4A09-9D2A-DD42914DE25A}"
EndProject
Project("{9A19103F-16F7-4668-BE54-9A1E7A4F7556}") = "RateProduct", "RateProduct\RateProduct.csproj", "{901E27BC-0EC4-4C03-B4DF-372D203EEC3A}"
EndProject
Project("{FAE04EC0-301F-11D3-BF4B-00C04F79EFBC}") = "Employee", "Employee\Employee.csproj", "{4BBD507E-4031-439E-B75B-3A322F7C834D}"
EndProject
Project("{FAE04EC0-301F-11D3-BF4B-00C04F79EFBC}") = "ForumRate", "ForumRate\ForumRate.csproj", "{3C7798D8-0CB7-42E9-AA77-A2D0C9A3D38B}"
EndProject
Global
	GlobalSection(SolutionConfigurationPlatforms) = preSolution
		Debug|Any CPU = Debug|Any CPU
		Release|Any CPU = Release|Any CPU
	EndGlobalSection
	GlobalSection(ProjectConfigurationPlatforms) = postSolution
		{2D292DA0-EAC6-4E28-9C51-A451A1ECA800}.Debug|Any CPU.ActiveCfg = Debug|Any CPU
		{2D292DA0-EAC6-4E28-9C51-A451A1ECA800}.Debug|Any CPU.Build.0 = Debug|Any CPU
		{2D292DA0-EAC6-4E28-9C51-A451A1ECA800}.Release|Any CPU.ActiveCfg = Release|Any CPU
		{2D292DA0-EAC6-4E28-9C51-A451A1ECA800}.Release|Any CPU.Build.0 = Release|Any CPU
		{C1BCD855-52AE-41AC-A0D1-56582B7F8132}.Debug|Any CPU.ActiveCfg = Debug|Any CPU
		{C1BCD855-52AE-41AC-A0D1-56582B7F8132}.Debug|Any CPU.Build.0 = Debug|Any CPU
		{C1BCD855-52AE-41AC-A0D1-56582B7F8132}.Release|Any CPU.ActiveCfg = Release|Any CPU
		{C1BCD855-52AE-41AC-A0D1-56582B7F8132}.Release|Any CPU.Build.0 = Release|Any CPU
		{6253BE03-6A45-4A09-9D2A-DD42914DE25A}.Debug|Any CPU.ActiveCfg = Debug|Any CPU
		{6253BE03-6A45-4A09-9D2A-DD42914DE25A}.Debug|Any CPU.Build.0 = Debug|Any CPU
		{6253BE03-6A45-4A09-9D2A-DD42914DE25A}.Release|Any CPU.ActiveCfg = Release|Any CPU
		{6253BE03-6A45-4A09-9D2A-DD42914DE25A}.Release|Any CPU.Build.0 = Release|Any CPU
		{901E27BC-0EC4-4C03-B4DF-372D203EEC3A}.Debug|Any CPU.ActiveCfg = Debug|Any CPU
		{901E27BC-0EC4-4C03-B4DF-372D203EEC3A}.Debug|Any CPU.Build.0 = Debug|Any CPU
		{901E27BC-0EC4-4C03-B4DF-372D203EEC3A}.Release|Any CPU.ActiveCfg = Release|Any CPU
		{901E27BC-0EC4-4C03-B4DF-372D203EEC3A}.Release|Any CPU.Build.0 = Release|Any CPU
		{4BBD507E-4031-439E-B75B-3A322F7C834D}.Debug|Any CPU.ActiveCfg = Debug|Any CPU
		{4BBD507E-4031-439E-B75B-3A322F7C834D}.Debug|Any CPU.Build.0 = Debug|Any CPU
		{4BBD507E-4031-439E-B75B-3A322F7C834D}.Release|Any CPU.ActiveCfg = Release|Any CPU
		{4BBD507E-4031-439E-B75B-3A322F7C834D}.Release|Any CPU.Build.0 = Release|Any CPU
		{3C7798D8-0CB7-42E9-AA77-A2D0C9A3D38B}.Debug|Any CPU.ActiveCfg = Debug|Any CPU
		{3C7798D8-0CB7-42E9-AA77-A2D0C9A3D38B}.Debug|Any CPU.Build.0 = Debug|Any CPU
		{3C7798D8-0CB7-42E9-AA77-A2D0C9A3D38B}.Release|Any CPU.ActiveCfg = Release|Any CPU
		{3C7798D8-0CB7-42E9-AA77-A2D0C9A3D38B}.Release|Any CPU.Build.0 = Release|Any CPU
	EndGlobalSection
	GlobalSection(SolutionProperties) = preSolution
		HideSolutionNode = FALSE
	EndGlobalSection
	GlobalSection(ExtensibilityGlobals) = postSolution
		SolutionGuid = {1CE4F271-7E5C-46D5-93E2-F56B0C001A7C}
	EndGlobalSection
EndGlobal
